
Microsoft Visual Studio Solution File, Format Version 12.00
Project("{2150E333-8FDC-42A3-9474-1A3956D46DE8}") = "src", "src", "{ED4F4E7A-24D8-4772-8FD8-6A63EEE68A7C}"
	ProjectSection(SolutionItems) = preProject
		Client.Dockerfile = Client.Dockerfile
		.dockerignore = .dockerignore
		docker-compose.yml = docker-compose.yml
		IdentityApi.DockerFile = IdentityApi.DockerFile
		ScoreApi.DockerFile = ScoreApi.DockerFile
		FinanceApi.DockerFile = FinanceApi.DockerFile
	EndProjectSection
EndProject
Project("{2150E333-8FDC-42A3-9474-1A3956D46DE8}") = "Services", "Services", "{86AC59FC-84D0-4390-AC83-F2CC55E796CA}"
EndProject
Project("{2150E333-8FDC-42A3-9474-1A3956D46DE8}") = "Client", "Client", "{9AE811A9-E6FD-4A18-958C-F953A43BCF78}"
EndProject
Project("{FAE04EC0-301F-11D3-BF4B-00C04F79EFBC}") = "Client", "src\Client\Client\Client.csproj", "{C2FC4C1E-2025-4BFB-B872-545FC0386FA4}"
EndProject
Project("{FAE04EC0-301F-11D3-BF4B-00C04F79EFBC}") = "Client.Infrastructure", "src\Client\Client.Infrastructure\Client.Infrastructure.csproj", "{3F65553A-397C-4040-B22A-0A7AC102BE82}"
EndProject
Project("{FAE04EC0-301F-11D3-BF4B-00C04F79EFBC}") = "Shared", "src\Shared\Shared.csproj", "{DEB65E66-FA70-439B-822B-8CC2EBB21A54}"
EndProject
Project("{FAE04EC0-301F-11D3-BF4B-00C04F79EFBC}") = "IdentityApi", "src\Services\IdentityApi\IdentityApi\IdentityApi.csproj", "{5574EE17-E587-40E7-97DE-FAB938CFD36A}"
EndProject
Project("{2150E333-8FDC-42A3-9474-1A3956D46DE8}") = "IdentityApi", "IdentityApi", "{8B10A686-BAF4-4779-B648-629C79168E0D}"
EndProject
Project("{FAE04EC0-301F-11D3-BF4B-00C04F79EFBC}") = "IdentityApi.Domain", "src\Services\IdentityApi\IdentityApi.Domain\IdentityApi.Domain.csproj", "{A4E871C3-4B51-4B44-B6D1-EFA1329583C6}"
EndProject
Project("{FAE04EC0-301F-11D3-BF4B-00C04F79EFBC}") = "IdentityApi.Infrastructure", "src\Services\IdentityApi\IdentityApi.Infrastructure\IdentityApi.Infrastructure.csproj", "{C5ED409D-90FF-4845-A0DC-213095975937}"
EndProject
Project("{FAE04EC0-301F-11D3-BF4B-00C04F79EFBC}") = "IdentityApi.Application", "src\Services\IdentityApi\IdentityApi.Application\IdentityApi.Application.csproj", "{27FAC3E1-0E72-4416-9622-C7D2446E44F2}"
EndProject
Project("{2150E333-8FDC-42A3-9474-1A3956D46DE8}") = "ScoreApi", "ScoreApi", "{DBCAEA6D-5801-4644-8F30-4E2D746A101C}"
EndProject
Project("{FAE04EC0-301F-11D3-BF4B-00C04F79EFBC}") = "ScoreApi", "src\Services\ScoreApi\ScoreApi\ScoreApi.csproj", "{E4075EB8-F4CA-4390-BD3C-4464346BD3D4}"
EndProject
Project("{FAE04EC0-301F-11D3-BF4B-00C04F79EFBC}") = "ScoreApi.Application", "src\Services\ScoreApi\ScoreApi.Application\ScoreApi.Application.csproj", "{7A700FD8-0D1B-427C-B19E-AC745E27155B}"
EndProject
Project("{FAE04EC0-301F-11D3-BF4B-00C04F79EFBC}") = "ScoreApi.Domain", "src\Services\ScoreApi\ScoreApi.Domain\ScoreApi.Domain.csproj", "{05950844-AD23-4020-BC2E-CD4C41C44596}"
EndProject
Project("{FAE04EC0-301F-11D3-BF4B-00C04F79EFBC}") = "ScoreApi.Infrastructure", "src\Services\ScoreApi\ScoreApi.Infrastructure\ScoreApi.Infrastructure.csproj", "{F990B25D-6EA1-4FD2-9E7E-1DD137E66CFF}"
EndProject
Project("{2150E333-8FDC-42A3-9474-1A3956D46DE8}") = "FinanceApi", "FinanceApi", "{2DFCD3BF-6A25-4E66-83DE-77E45B4517C8}"
EndProject
Project("{FAE04EC0-301F-11D3-BF4B-00C04F79EFBC}") = "FinanceApi", "src\Services\FinanceApi\FinanceApi\FinanceApi.csproj", "{EEFE8219-801E-4397-A853-1DD5B6E93E6A}"
EndProject
Project("{FAE04EC0-301F-11D3-BF4B-00C04F79EFBC}") = "FinanceApi.Application", "src\Services\FinanceApi\FinanceApi.Application\FinanceApi.Application.csproj", "{84C68201-E4E6-46D4-BBA7-856DDE2AE9A6}"
EndProject
Project("{FAE04EC0-301F-11D3-BF4B-00C04F79EFBC}") = "FinanceApi.Domain", "src\Services\FinanceApi\FinanceApi.Domain\FinanceApi.Domain.csproj", "{1917D542-6E2E-4D4B-A030-A86E6402A8E5}"
EndProject
Project("{FAE04EC0-301F-11D3-BF4B-00C04F79EFBC}") = "FinanceApi.Infrastructure", "src\Services\FinanceApi\FinanceApi.Infrastructure\FinanceApi.Infrastructure.csproj", "{1B3E60AF-8F49-4088-95C9-8FD1DD87CA15}"
EndProject
Global
	GlobalSection(SolutionConfigurationPlatforms) = preSolution
		Debug|Any CPU = Debug|Any CPU
		Release|Any CPU = Release|Any CPU
	EndGlobalSection
	GlobalSection(NestedProjects) = preSolution
		{86AC59FC-84D0-4390-AC83-F2CC55E796CA} = {ED4F4E7A-24D8-4772-8FD8-6A63EEE68A7C}
		{9AE811A9-E6FD-4A18-958C-F953A43BCF78} = {ED4F4E7A-24D8-4772-8FD8-6A63EEE68A7C}
		{C2FC4C1E-2025-4BFB-B872-545FC0386FA4} = {9AE811A9-E6FD-4A18-958C-F953A43BCF78}
		{3F65553A-397C-4040-B22A-0A7AC102BE82} = {9AE811A9-E6FD-4A18-958C-F953A43BCF78}
		{DEB65E66-FA70-439B-822B-8CC2EBB21A54} = {ED4F4E7A-24D8-4772-8FD8-6A63EEE68A7C}
		{8B10A686-BAF4-4779-B648-629C79168E0D} = {86AC59FC-84D0-4390-AC83-F2CC55E796CA}
		{5574EE17-E587-40E7-97DE-FAB938CFD36A} = {8B10A686-BAF4-4779-B648-629C79168E0D}
		{A4E871C3-4B51-4B44-B6D1-EFA1329583C6} = {8B10A686-BAF4-4779-B648-629C79168E0D}
		{C5ED409D-90FF-4845-A0DC-213095975937} = {8B10A686-BAF4-4779-B648-629C79168E0D}
		{27FAC3E1-0E72-4416-9622-C7D2446E44F2} = {8B10A686-BAF4-4779-B648-629C79168E0D}
		{DBCAEA6D-5801-4644-8F30-4E2D746A101C} = {86AC59FC-84D0-4390-AC83-F2CC55E796CA}
		{E4075EB8-F4CA-4390-BD3C-4464346BD3D4} = {DBCAEA6D-5801-4644-8F30-4E2D746A101C}
		{7A700FD8-0D1B-427C-B19E-AC745E27155B} = {DBCAEA6D-5801-4644-8F30-4E2D746A101C}
		{05950844-AD23-4020-BC2E-CD4C41C44596} = {DBCAEA6D-5801-4644-8F30-4E2D746A101C}
		{F990B25D-6EA1-4FD2-9E7E-1DD137E66CFF} = {DBCAEA6D-5801-4644-8F30-4E2D746A101C}
		{2DFCD3BF-6A25-4E66-83DE-77E45B4517C8} = {86AC59FC-84D0-4390-AC83-F2CC55E796CA}
		{EEFE8219-801E-4397-A853-1DD5B6E93E6A} = {2DFCD3BF-6A25-4E66-83DE-77E45B4517C8}
		{84C68201-E4E6-46D4-BBA7-856DDE2AE9A6} = {2DFCD3BF-6A25-4E66-83DE-77E45B4517C8}
		{1917D542-6E2E-4D4B-A030-A86E6402A8E5} = {2DFCD3BF-6A25-4E66-83DE-77E45B4517C8}
		{1B3E60AF-8F49-4088-95C9-8FD1DD87CA15} = {2DFCD3BF-6A25-4E66-83DE-77E45B4517C8}
	EndGlobalSection
	GlobalSection(ProjectConfigurationPlatforms) = postSolution
		{C2FC4C1E-2025-4BFB-B872-545FC0386FA4}.Debug|Any CPU.ActiveCfg = Debug|Any CPU
		{C2FC4C1E-2025-4BFB-B872-545FC0386FA4}.Debug|Any CPU.Build.0 = Debug|Any CPU
		{C2FC4C1E-2025-4BFB-B872-545FC0386FA4}.Release|Any CPU.ActiveCfg = Release|Any CPU
		{C2FC4C1E-2025-4BFB-B872-545FC0386FA4}.Release|Any CPU.Build.0 = Release|Any CPU
		{3F65553A-397C-4040-B22A-0A7AC102BE82}.Debug|Any CPU.ActiveCfg = Debug|Any CPU
		{3F65553A-397C-4040-B22A-0A7AC102BE82}.Debug|Any CPU.Build.0 = Debug|Any CPU
		{3F65553A-397C-4040-B22A-0A7AC102BE82}.Release|Any CPU.ActiveCfg = Release|Any CPU
		{3F65553A-397C-4040-B22A-0A7AC102BE82}.Release|Any CPU.Build.0 = Release|Any CPU
		{DEB65E66-FA70-439B-822B-8CC2EBB21A54}.Debug|Any CPU.ActiveCfg = Debug|Any CPU
		{DEB65E66-FA70-439B-822B-8CC2EBB21A54}.Debug|Any CPU.Build.0 = Debug|Any CPU
		{DEB65E66-FA70-439B-822B-8CC2EBB21A54}.Release|Any CPU.ActiveCfg = Release|Any CPU
		{DEB65E66-FA70-439B-822B-8CC2EBB21A54}.Release|Any CPU.Build.0 = Release|Any CPU
		{5574EE17-E587-40E7-97DE-FAB938CFD36A}.Debug|Any CPU.ActiveCfg = Debug|Any CPU
		{5574EE17-E587-40E7-97DE-FAB938CFD36A}.Debug|Any CPU.Build.0 = Debug|Any CPU
		{5574EE17-E587-40E7-97DE-FAB938CFD36A}.Release|Any CPU.ActiveCfg = Release|Any CPU
		{5574EE17-E587-40E7-97DE-FAB938CFD36A}.Release|Any CPU.Build.0 = Release|Any CPU
		{A4E871C3-4B51-4B44-B6D1-EFA1329583C6}.Debug|Any CPU.ActiveCfg = Debug|Any CPU
		{A4E871C3-4B51-4B44-B6D1-EFA1329583C6}.Debug|Any CPU.Build.0 = Debug|Any CPU
		{A4E871C3-4B51-4B44-B6D1-EFA1329583C6}.Release|Any CPU.ActiveCfg = Release|Any CPU
		{A4E871C3-4B51-4B44-B6D1-EFA1329583C6}.Release|Any CPU.Build.0 = Release|Any CPU
		{C5ED409D-90FF-4845-A0DC-213095975937}.Debug|Any CPU.ActiveCfg = Debug|Any CPU
		{C5ED409D-90FF-4845-A0DC-213095975937}.Debug|Any CPU.Build.0 = Debug|Any CPU
		{C5ED409D-90FF-4845-A0DC-213095975937}.Release|Any CPU.ActiveCfg = Release|Any CPU
		{C5ED409D-90FF-4845-A0DC-213095975937}.Release|Any CPU.Build.0 = Release|Any CPU
		{27FAC3E1-0E72-4416-9622-C7D2446E44F2}.Debug|Any CPU.ActiveCfg = Debug|Any CPU
		{27FAC3E1-0E72-4416-9622-C7D2446E44F2}.Debug|Any CPU.Build.0 = Debug|Any CPU
		{27FAC3E1-0E72-4416-9622-C7D2446E44F2}.Release|Any CPU.ActiveCfg = Release|Any CPU
		{27FAC3E1-0E72-4416-9622-C7D2446E44F2}.Release|Any CPU.Build.0 = Release|Any CPU
		{E4075EB8-F4CA-4390-BD3C-4464346BD3D4}.Debug|Any CPU.ActiveCfg = Debug|Any CPU
		{E4075EB8-F4CA-4390-BD3C-4464346BD3D4}.Debug|Any CPU.Build.0 = Debug|Any CPU
		{E4075EB8-F4CA-4390-BD3C-4464346BD3D4}.Release|Any CPU.ActiveCfg = Release|Any CPU
		{E4075EB8-F4CA-4390-BD3C-4464346BD3D4}.Release|Any CPU.Build.0 = Release|Any CPU
		{7A700FD8-0D1B-427C-B19E-AC745E27155B}.Debug|Any CPU.ActiveCfg = Debug|Any CPU
		{7A700FD8-0D1B-427C-B19E-AC745E27155B}.Debug|Any CPU.Build.0 = Debug|Any CPU
		{7A700FD8-0D1B-427C-B19E-AC745E27155B}.Release|Any CPU.ActiveCfg = Release|Any CPU
		{7A700FD8-0D1B-427C-B19E-AC745E27155B}.Release|Any CPU.Build.0 = Release|Any CPU
		{05950844-AD23-4020-BC2E-CD4C41C44596}.Debug|Any CPU.ActiveCfg = Debug|Any CPU
		{05950844-AD23-4020-BC2E-CD4C41C44596}.Debug|Any CPU.Build.0 = Debug|Any CPU
		{05950844-AD23-4020-BC2E-CD4C41C44596}.Release|Any CPU.ActiveCfg = Release|Any CPU
		{05950844-AD23-4020-BC2E-CD4C41C44596}.Release|Any CPU.Build.0 = Release|Any CPU
		{F990B25D-6EA1-4FD2-9E7E-1DD137E66CFF}.Debug|Any CPU.ActiveCfg = Debug|Any CPU
		{F990B25D-6EA1-4FD2-9E7E-1DD137E66CFF}.Debug|Any CPU.Build.0 = Debug|Any CPU
		{F990B25D-6EA1-4FD2-9E7E-1DD137E66CFF}.Release|Any CPU.ActiveCfg = Release|Any CPU
		{F990B25D-6EA1-4FD2-9E7E-1DD137E66CFF}.Release|Any CPU.Build.0 = Release|Any CPU
		{EEFE8219-801E-4397-A853-1DD5B6E93E6A}.Debug|Any CPU.ActiveCfg = Debug|Any CPU
		{EEFE8219-801E-4397-A853-1DD5B6E93E6A}.Debug|Any CPU.Build.0 = Debug|Any CPU
		{EEFE8219-801E-4397-A853-1DD5B6E93E6A}.Release|Any CPU.ActiveCfg = Release|Any CPU
		{EEFE8219-801E-4397-A853-1DD5B6E93E6A}.Release|Any CPU.Build.0 = Release|Any CPU
		{84C68201-E4E6-46D4-BBA7-856DDE2AE9A6}.Debug|Any CPU.ActiveCfg = Debug|Any CPU
		{84C68201-E4E6-46D4-BBA7-856DDE2AE9A6}.Debug|Any CPU.Build.0 = Debug|Any CPU
		{84C68201-E4E6-46D4-BBA7-856DDE2AE9A6}.Release|Any CPU.ActiveCfg = Release|Any CPU
		{84C68201-E4E6-46D4-BBA7-856DDE2AE9A6}.Release|Any CPU.Build.0 = Release|Any CPU
		{1917D542-6E2E-4D4B-A030-A86E6402A8E5}.Debug|Any CPU.ActiveCfg = Debug|Any CPU
		{1917D542-6E2E-4D4B-A030-A86E6402A8E5}.Debug|Any CPU.Build.0 = Debug|Any CPU
		{1917D542-6E2E-4D4B-A030-A86E6402A8E5}.Release|Any CPU.ActiveCfg = Release|Any CPU
		{1917D542-6E2E-4D4B-A030-A86E6402A8E5}.Release|Any CPU.Build.0 = Release|Any CPU
		{1B3E60AF-8F49-4088-95C9-8FD1DD87CA15}.Debug|Any CPU.ActiveCfg = Debug|Any CPU
		{1B3E60AF-8F49-4088-95C9-8FD1DD87CA15}.Debug|Any CPU.Build.0 = Debug|Any CPU
		{1B3E60AF-8F49-4088-95C9-8FD1DD87CA15}.Release|Any CPU.ActiveCfg = Release|Any CPU
		{1B3E60AF-8F49-4088-95C9-8FD1DD87CA15}.Release|Any CPU.Build.0 = Release|Any CPU
	EndGlobalSection
EndGlobal
